PODS:
  - Alamofire (5.6.1)
  - PromiseKit/CorePromise (6.17.1)
  - SwiftyJSON (5.0.1)

DEPENDENCIES:
  - Alamofire
  - PromiseKit/CorePromise (~> 6.8)
  - SwiftyJSON

SPEC REPOS:
  trunk:
    - Alamofire
    - PromiseKit
    - SwiftyJSON

SPEC CHECKSUMS:
  Alamofire: 87bd8c952f9a4454320fce00d9cc3de57bcadaf5
  PromiseKit: ee485df3d4dc570594d7e7aecae6352697dc6a4c
  SwiftyJSON: 2f33a42c6fbc52764d96f13368585094bfd8aa5e

PODFILE CHECKSUM: c04e5558385e2e98a04802e0360963e87894fd48

COCOAPODS: 1.11.3
